
Microsoft Visual Studio Solution File, Format Version 12.00
# Visual Studio Version 17
VisualStudioVersion = 17.7.34031.279
MinimumVisualStudioVersion = 10.0.40219.1
Project("{FAE04EC0-301F-11D3-BF4B-00C04F79EFBC}") = "csharp-gestore-eventi", "csharp-gestore-eventi\csharp-gestore-eventi.csproj", "{C2CCB61F-10B8-46B5-B6F7-8A332284F9E4}"
EndProject
Global
	GlobalSection(SolutionConfigurationPlatforms) = preSolution
		Debug|Any CPU = Debug|Any CPU
		Release|Any CPU = Release|Any CPU
	EndGlobalSection
	GlobalSection(ProjectConfigurationPlatforms) = postSolution
		{C2CCB61F-10B8-46B5-B6F7-8A332284F9E4}.Debug|Any CPU.ActiveCfg = Debug|Any CPU
		{C2CCB61F-10B8-46B5-B6F7-8A332284F9E4}.Debug|Any CPU.Build.0 = Debug|Any CPU
		{C2CCB61F-10B8-46B5-B6F7-8A332284F9E4}.Release|Any CPU.ActiveCfg = Release|Any CPU
		{C2CCB61F-10B8-46B5-B6F7-8A332284F9E4}.Release|Any CPU.Build.0 = Release|Any CPU
	EndGlobalSection
	GlobalSection(SolutionProperties) = preSolution
		HideSolutionNode = FALSE
	EndGlobalSection
	GlobalSection(ExtensibilityGlobals) = postSolution
		SolutionGuid = {33C0463A-119F-483F-86A0-2697E360BD05}
	EndGlobalSection
EndGlobal
